github.com/florinel-chis/gobacktest v0.1.0 h1:BFnzm2YYuw3K3JLlqip007mk7DXeVmpL59dZvQuXUYc=
github.com/florinel-chis/gobacktest v0.1.0/go.mod h1:oKuqR0SCm0ju2OQBvBii/zSMmyHF9hLwE7Ns1e5j9ns=
github.com/florinel-chis/oanda-go v0.1.0 h1:3dUXNglZZRiZDJsUlZjnw/paii7p2R9P4/+nxwcVFMA=
github.com/florinel-chis/oanda-go v0.1.0/go.mod h1:A//4aXcNVfEG9n+GXsg2junDRuXtV0yuf15+VsgopN0=
github.com/florinel-chis/oanda-go/backtestsource v0.1.0 h1:C4Sz7ozhcF6Pqe4yRdM5rLlnrwGBYn/qmWBErRb/pdA=
github.com/florinel-chis/oanda-go/backtestsource v0.1.0/go.mod h1:Z1MDmh7qqcQTxjNwaw4vnWbXi+nEcdegCdFXxamD67M=
github.com/florinel-chis/trading212-go v0.1.0 h1:3rRMU+vkFss8veMLPnkSyiahz4SNc8oqEZCK8mnm/yw=
github.com/florinel-chis/trading212-go v0.1.0/go.mod h1:NFIGacFoS+yjDlzTRR2tuRvop4Qp0zviFDc5WYI8LGo=
github.com/florinel-chis/trading212-go/backtestsource v0.1.0 h1:9skfVGEfiZ6UQUZJqF1ZBhMASirrc/op0snXx0S+yN4=
github.com/florinel-chis/trading212-go/backtestsource v0.1.0/go.mod h1:Fn8feQr4+n8WtJuBhqwRyie425tjMxNYDvBoWB6GzpA=
github.com/florinel-chis/yahoo-go v0.1.0 h1:bJ57L64TrxxfVCJLxhZQA8XSWKNi/P+/kIKvbyo9Vuo=
github.com/florinel-chis/yahoo-go v0.1.0/go.mod h1:CrMBuqLBS8qAP1/0/ysdHPUjv9B/AMrAW4hoCb25XeE=
github.com/florinel-chis/yahoo-go/backtestsource v0.1.0 h1:mUJZ0v7l9UeBOS7iQTLFt/0U6p7pW/1LczsC0+jdN3s=
github.com/florinel-chis/yahoo-go/backtestsource v0.1.0/go.mod h1:GPz0McCBHzGSLc67n3VbvbtxYAaDeeLgK4xj4XMHyDM=
github.com/markcheno/go-talib v0.0.0-20260617004048-4ff5e103edd9 h1:TAdcW2EF2OaAl6/MXh1xi1NFyvUv/kdvXS1utdcE7Sc=
github.com/markcheno/go-talib v0.0.0-20260617004048-4ff5e103edd9/go.mod h1:3YUtoVrKWu2ql+iAeRyepSz3fy6a+19hJzGS88+u4u0=
