github.com/florinel-chis/gobacktest v0.1.1 h1:v/pxrduriQdvzEhUVL+FztGtWJBcmF+Zq+W8R80GGv0=
github.com/florinel-chis/gobacktest v0.1.1/go.mod h1:oKuqR0SCm0ju2OQBvBii/zSMmyHF9hLwE7Ns1e5j9ns=
github.com/florinel-chis/oanda-go v0.1.1 h1:DH5Uq07TftOidPImAqkttEgVFLN91re+WabFm4sh+Bo=
github.com/florinel-chis/oanda-go v0.1.1/go.mod h1:A//4aXcNVfEG9n+GXsg2junDRuXtV0yuf15+VsgopN0=
github.com/florinel-chis/oanda-go/backtestsource v0.1.1 h1:SitjY4u1IkYgCSOY7DLenm3lS2N26TVuovwuwzy2U2M=
github.com/florinel-chis/oanda-go/backtestsource v0.1.1/go.mod h1:sfAZoDNku8tGNWjk9jBUdP94jNLbBjwvGxa/D8MWBU0=
github.com/florinel-chis/trading212-go v0.1.1 h1:NIN9Prp7t2uKr4+eURaYHypTcHZ5duOjzGYtGU6Of6w=
github.com/florinel-chis/trading212-go v0.1.1/go.mod h1:NFIGacFoS+yjDlzTRR2tuRvop4Qp0zviFDc5WYI8LGo=
github.com/florinel-chis/trading212-go/backtestsource v0.1.1 h1:85BJXzeMXoiSHmwd6631BezRxoMozXF16uUQJsBbbw8=
github.com/florinel-chis/trading212-go/backtestsource v0.1.1/go.mod h1:gToIw/bgKw3L6iXjYiOw4coy5YkZJq3fjYTwgHAU4fs=
github.com/florinel-chis/yahoo-go v0.1.1 h1:bFqa0MwBQcOuyX1W4E64AMiarbcyqgG6hgi/4oIBkAw=
github.com/florinel-chis/yahoo-go v0.1.1/go.mod h1:CrMBuqLBS8qAP1/0/ysdHPUjv9B/AMrAW4hoCb25XeE=
github.com/florinel-chis/yahoo-go/backtestsource v0.1.1 h1:3dUp0rC4YoY1UXSGgh9YXbhA1M8kN1cxniFuMb/V7t8=
github.com/florinel-chis/yahoo-go/backtestsource v0.1.1/go.mod h1:z2k1vUQvNgx83FFxDzK/12Tcb97a8+E58diVMPMJ/aI=
github.com/markcheno/go-talib v0.0.0-20260617004048-4ff5e103edd9 h1:TAdcW2EF2OaAl6/MXh1xi1NFyvUv/kdvXS1utdcE7Sc=
github.com/markcheno/go-talib v0.0.0-20260617004048-4ff5e103edd9/go.mod h1:3YUtoVrKWu2ql+iAeRyepSz3fy6a+19hJzGS88+u4u0=
